{
  "name": "libraries-lab-1",
  "version": "1.0.0",
  "lockfileVersion": 2,
  "requires": true,
  "packages": {
    "": {
      "name": "libraries-lab-1",
      "version": "1.0.0",
      "license": "ISC",
      "dependencies": {
        "number-abbreviate": "^2.0.0"
      },
      "devDependencies": {
        "numbers": "^0.7.0"
      }
    },
    "node_modules/number-abbreviate": {
      "version": "2.0.0",
      "resolved": "https://registry.npmjs.org/number-abbreviate/-/number-abbreviate-2.0.0.tgz",
      "integrity": "sha512-A28RCggQAd0GPafgnijus1IV48TD8lbVt/J6xzkhcfk7jvXbWbh5aTaQsMjZjWAJ6LK6EoGf306RzJsdu12OqQ=="
    },
    "node_modules/numbers": {
      "version": "0.7.0",
      "resolved": "https://registry.npmjs.org/numbers/-/numbers-0.7.0.tgz",
      "integrity": "sha512-bdHRauOohlyg20dLiOitEJrXVs4xtu4GeDeKyChkWSfMeDLM39lUDcaOShSdmxqt4Ihu9syh480Fx/EiDY5zYQ==",
      "dev": true,
      "engines": {
        "node": ">= v0.6.0"
      }
    }
  },
  "dependencies": {
    "number-abbreviate": {
      "version": "2.0.0",
      "resolved": "https://registry.npmjs.org/number-abbreviate/-/number-abbreviate-2.0.0.tgz",
      "integrity": "sha512-A28RCggQAd0GPafgnijus1IV48TD8lbVt/J6xzkhcfk7jvXbWbh5aTaQsMjZjWAJ6LK6EoGf306RzJsdu12OqQ=="
    },
    "numbers": {
      "version": "0.7.0",
      "resolved": "https://registry.npmjs.org/numbers/-/numbers-0.7.0.tgz",
      "integrity": "sha512-bdHRauOohlyg20dLiOitEJrXVs4xtu4GeDeKyChkWSfMeDLM39lUDcaOShSdmxqt4Ihu9syh480Fx/EiDY5zYQ==",
      "dev": true
    }
  }
}
